Microsoft Visual Studio Solution File, Format Version 12.00
# Visual Studio Version 16
VisualStudioVersion = 16.0.0.0
MinimumVisualStudioVersion = 16.0.0.0
Project("{9A19103F-16F7-4668-BE54-9A1E7A4F7556}") = "blazor.Server", "blazor.Server\blazor.Server.csproj", "{20297410-CB6A-415E-B4F7-22C1BEFD4AA3}"
EndProject
Project("{9A19103F-16F7-4668-BE54-9A1E7A4F7556}") = "blazor.Client", "blazor.Client\blazor.Client.csproj", "{278867CA-E71E-4F98-B903-006AA32C2356}"
EndProject
Project("{9A19103F-16F7-4668-BE54-9A1E7A4F7556}") = "blazor.Shared", "blazor.Shared\blazor.Shared.csproj", "{20E64C09-98B5-4EFA-A4F9-AC650A544199}"
EndProject
Global
	GlobalSection(SolutionConfigurationPlatforms) = preSolution
		Debug|Any CPU = Debug|Any CPU
		Debug|x64 = Debug|x64
		Debug|x86 = Debug|x86
		Release|Any CPU = Release|Any CPU
		Release|x64 = Release|x64
		Release|x86 = Release|x86
	EndGlobalSection
	GlobalSection(ProjectConfigurationPlatforms) = postSolution
		{278867CA-E71E-4F98-B903-006AA32C2356}.Debug|Any CPU.ActiveCfg = Debug|Any CPU
		{278867CA-E71E-4F98-B903-006AA32C2356}.Debug|Any CPU.Build.0 = Debug|Any CPU
		{278867CA-E71E-4F98-B903-006AA32C2356}.Debug|x64.ActiveCfg = Debug|Any CPU
		{278867CA-E71E-4F98-B903-006AA32C2356}.Debug|x64.Build.0 = Debug|Any CPU
		{278867CA-E71E-4F98-B903-006AA32C2356}.Debug|x86.ActiveCfg = Debug|Any CPU
		{278867CA-E71E-4F98-B903-006AA32C2356}.Debug|x86.Build.0 = Debug|Any CPU
		{278867CA-E71E-4F98-B903-006AA32C2356}.Release|Any CPU.ActiveCfg = Release|Any CPU
		{278867CA-E71E-4F98-B903-006AA32C2356}.Release|Any CPU.Build.0 = Release|Any CPU
		{278867CA-E71E-4F98-B903-006AA32C2356}.Release|x64.ActiveCfg = Release|Any CPU
		{278867CA-E71E-4F98-B903-006AA32C2356}.Release|x64.Build.0 = Release|Any CPU
		{278867CA-E71E-4F98-B903-006AA32C2356}.Release|x86.ActiveCfg = Release|Any CPU
		{278867CA-E71E-4F98-B903-006AA32C2356}.Release|x86.Build.0 = Release|Any CPU
		{20297410-CB6A-415E-B4F7-22C1BEFD4AA3}.Debug|Any CPU.ActiveCfg = Debug|Any CPU
		{20297410-CB6A-415E-B4F7-22C1BEFD4AA3}.Debug|Any CPU.Build.0 = Debug|Any CPU
		{20297410-CB6A-415E-B4F7-22C1BEFD4AA3}.Debug|x64.ActiveCfg = Debug|Any CPU
		{20297410-CB6A-415E-B4F7-22C1BEFD4AA3}.Debug|x64.Build.0 = Debug|Any CPU
		{20297410-CB6A-415E-B4F7-22C1BEFD4AA3}.Debug|x86.ActiveCfg = Debug|Any CPU
		{20297410-CB6A-415E-B4F7-22C1BEFD4AA3}.Debug|x86.Build.0 = Debug|Any CPU
		{20297410-CB6A-415E-B4F7-22C1BEFD4AA3}.Release|Any CPU.ActiveCfg = Release|Any CPU
		{20297410-CB6A-415E-B4F7-22C1BEFD4AA3}.Release|Any CPU.Build.0 = Release|Any CPU
		{20297410-CB6A-415E-B4F7-22C1BEFD4AA3}.Release|x64.ActiveCfg = Release|Any CPU
		{20297410-CB6A-415E-B4F7-22C1BEFD4AA3}.Release|x64.Build.0 = Release|Any CPU
		{20297410-CB6A-415E-B4F7-22C1BEFD4AA3}.Release|x86.ActiveCfg = Release|Any CPU
		{20297410-CB6A-415E-B4F7-22C1BEFD4AA3}.Release|x86.Build.0 = Release|Any CPU
		{20E64C09-98B5-4EFA-A4F9-AC650A544199}.Debug|Any CPU.ActiveCfg = Debug|Any CPU
		{20E64C09-98B5-4EFA-A4F9-AC650A544199}.Debug|Any CPU.Build.0 = Debug|Any CPU
		{20E64C09-98B5-4EFA-A4F9-AC650A544199}.Debug|x64.ActiveCfg = Debug|Any CPU
		{20E64C09-98B5-4EFA-A4F9-AC650A544199}.Debug|x64.Build.0 = Debug|Any CPU
		{20E64C09-98B5-4EFA-A4F9-AC650A544199}.Debug|x86.ActiveCfg = Debug|Any CPU
		{20E64C09-98B5-4EFA-A4F9-AC650A544199}.Debug|x86.Build.0 = Debug|Any CPU
		{20E64C09-98B5-4EFA-A4F9-AC650A544199}.Release|Any CPU.ActiveCfg = Release|Any CPU
		{20E64C09-98B5-4EFA-A4F9-AC650A544199}.Release|Any CPU.Build.0 = Release|Any CPU
		{20E64C09-98B5-4EFA-A4F9-AC650A544199}.Release|x64.ActiveCfg = Release|Any CPU
		{20E64C09-98B5-4EFA-A4F9-AC650A544199}.Release|x64.Build.0 = Release|Any CPU
		{20E64C09-98B5-4EFA-A4F9-AC650A544199}.Release|x86.ActiveCfg = Release|Any CPU
		{20E64C09-98B5-4EFA-A4F9-AC650A544199}.Release|x86.Build.0 = Release|Any CPU
	EndGlobalSection
	GlobalSection(SolutionProperties) = preSolution
		HideSolutionNode = FALSE
	EndGlobalSection
	GlobalSection(ExtensibilityGlobals) = postSolution
		SolutionGuid = {1C97B7BB-38C8-476C-912B-D470804CC77C}
	EndGlobalSection
EndGlobal
